
Microsoft Visual Studio Solution File, Format Version 12.00
# Visual Studio 15
Project("{FAE04EC0-301F-11D3-BF4B-00C04F79EFBC}") = "Assembly-CSharp", "Assembly-CSharp.csproj", "{DDA90FA2-348D-C7D7-AC13-AD6ABE9B922A}"
EndProject
Project("{FAE04EC0-301F-11D3-BF4B-00C04F79EFBC}") = "Assembly-CSharp-Editor", "Assembly-CSharp-Editor.csproj", "{01513F51-80AF-F581-75C8-7B4B373DD94D}"
EndProject
Global
	GlobalSection(SolutionConfigurationPlatforms) = preSolution
		Debug|Any CPU = Debug|Any CPU
		Release|Any CPU = Release|Any CPU
	EndGlobalSection
	GlobalSection(ProjectConfigurationPlatforms) = postSolution
		{DDA90FA2-348D-C7D7-AC13-AD6ABE9B922A}.Debug|Any CPU.ActiveCfg = Debug|Any CPU
		{DDA90FA2-348D-C7D7-AC13-AD6ABE9B922A}.Debug|Any CPU.Build.0 = Debug|Any CPU
		{DDA90FA2-348D-C7D7-AC13-AD6ABE9B922A}.Release|Any CPU.ActiveCfg = Release|Any CPU
		{DDA90FA2-348D-C7D7-AC13-AD6ABE9B922A}.Release|Any CPU.Build.0 = Release|Any CPU
		{01513F51-80AF-F581-75C8-7B4B373DD94D}.Debug|Any CPU.ActiveCfg = Debug|Any CPU
		{01513F51-80AF-F581-75C8-7B4B373DD94D}.Debug|Any CPU.Build.0 = Debug|Any CPU
		{01513F51-80AF-F581-75C8-7B4B373DD94D}.Release|Any CPU.ActiveCfg = Release|Any CPU
		{01513F51-80AF-F581-75C8-7B4B373DD94D}.Release|Any CPU.Build.0 = Release|Any CPU
	EndGlobalSection
	GlobalSection(SolutionProperties) = preSolution
		HideSolutionNode = FALSE
	EndGlobalSection
EndGlobal
