
Microsoft Visual Studio Solution File, Format Version 12.00
# Visual Studio 15
Project("{FAE04EC0-301F-11D3-BF4B-00C04F79EFBC}") = "Assembly-CSharp", "Assembly-CSharp.csproj", "{91A0A871-D3E2-4A97-7611-CA363A447A98}"
EndProject
Project("{FAE04EC0-301F-11D3-BF4B-00C04F79EFBC}") = "Assembly-CSharp-Editor", "Assembly-CSharp-Editor.csproj", "{8E3CF4BA-C37A-842B-E97D-7CCFB00886A4}"
EndProject
Global
	GlobalSection(SolutionConfigurationPlatforms) = preSolution
		Debug|Any CPU = Debug|Any CPU
		Release|Any CPU = Release|Any CPU
	EndGlobalSection
	GlobalSection(ProjectConfigurationPlatforms) = postSolution
		{91A0A871-D3E2-4A97-7611-CA363A447A98}.Debug|Any CPU.ActiveCfg = Debug|Any CPU
		{91A0A871-D3E2-4A97-7611-CA363A447A98}.Debug|Any CPU.Build.0 = Debug|Any CPU
		{91A0A871-D3E2-4A97-7611-CA363A447A98}.Release|Any CPU.ActiveCfg = Release|Any CPU
		{91A0A871-D3E2-4A97-7611-CA363A447A98}.Release|Any CPU.Build.0 = Release|Any CPU
		{8E3CF4BA-C37A-842B-E97D-7CCFB00886A4}.Debug|Any CPU.ActiveCfg = Debug|Any CPU
		{8E3CF4BA-C37A-842B-E97D-7CCFB00886A4}.Debug|Any CPU.Build.0 = Debug|Any CPU
		{8E3CF4BA-C37A-842B-E97D-7CCFB00886A4}.Release|Any CPU.ActiveCfg = Release|Any CPU
		{8E3CF4BA-C37A-842B-E97D-7CCFB00886A4}.Release|Any CPU.Build.0 = Release|Any CPU
	EndGlobalSection
	GlobalSection(SolutionProperties) = preSolution
		HideSolutionNode = FALSE
	EndGlobalSection
EndGlobal
